{
  "version": 4,
  "terraform_version": "0.14.3",
  "serial": 3,
  "lineage": "7e1a9e5d-eeb7-5ef3-4c14-2df252c7ef8b",
  "outputs": {
    "practice_template_ssh_clone": {
      "value": "git@github.com:terraform-training/tf-gcp-gke-training-repository.git",
      "type": "string"
    }
  },
  "resources": [
    {
      "mode": "managed",
      "type": "github_membership",
      "name": "jakub",
      "provider": "provider[\"registry.terraform.io/integrations/github\"]",
      "instances": [
        {
          "schema_version": 0,
          "attributes": {
            "etag": "W/\"52cc0a55f3ea17bdeaae2b6f30cb4cc45e6ec4a00ce2b440727bbf133a7d82da\"",
            "id": "terraform-training:pan-henryk",
            "role": "admin",
            "username": "pan-henryk"
          },
          "sensitive_attributes": [],
          "private": "bnVsbA=="
        }
      ]
    },
    {
      "mode": "managed",
      "type": "github_repository",
      "name": "tf-gcp-gke-training-repository",
      "provider": "provider[\"registry.terraform.io/integrations/github\"]",
      "instances": [
        {
          "schema_version": 0,
          "attributes": {
            "allow_merge_commit": true,
            "allow_rebase_merge": true,
            "allow_squash_merge": true,
            "archive_on_destroy": null,
            "archived": false,
            "auto_init": true,
            "default_branch": "main",
            "delete_branch_on_merge": false,
            "description": "My training repo",
            "etag": "W/\"6786e8dd0c1a177a5b957b8e9194387f3a47c7e3e3b184c4e53edde688565258\"",
            "full_name": "terraform-training/tf-gcp-gke-training-repository",
            "git_clone_url": "git://github.com/terraform-training/tf-gcp-gke-training-repository.git",
            "gitignore_template": "Terraform",
            "has_downloads": false,
            "has_issues": false,
            "has_projects": false,
            "has_wiki": false,
            "homepage_url": "",
            "html_url": "https://github.com/terraform-training/tf-gcp-gke-training-repository",
            "http_clone_url": "https://github.com/terraform-training/tf-gcp-gke-training-repository.git",
            "id": "tf-gcp-gke-training-repository",
            "is_template": false,
            "license_template": null,
            "name": "tf-gcp-gke-training-repository",
            "node_id": "MDEwOlJlcG9zaXRvcnkzMjgyMzk0OTI=",
            "private": true,
            "repo_id": 328239492,
            "ssh_clone_url": "git@github.com:terraform-training/tf-gcp-gke-training-repository.git",
            "svn_url": "https://github.com/terraform-training/tf-gcp-gke-training-repository",
            "template": [],
            "topics": null,
            "visibility": "private",
            "vulnerability_alerts": false
          },
          "sensitive_attributes": [],
          "private": "bnVsbA=="
        }
      ]
    }
  ]
}
