{
  "version": 4,
  "terraform_version": "0.14.3",
  "serial": 7,
  "lineage": "7e1a9e5d-eeb7-5ef3-4c14-2df252c7ef8b",
  "outputs": {
    "practice_template_ssh_clone": {
      "value": "git@github.com:terraform-training/tf-gcp-gke-training-repository.git",
      "type": "string"
    }
  },
  "resources": [
    {
      "mode": "managed",
      "type": "github_membership",
      "name": "jakub",
      "provider": "provider[\"registry.terraform.io/integrations/github\"]",
      "instances": [
        {
          "schema_version": 0,
          "attributes": {
            "etag": "W/\"52cc0a55f3ea17bdeaae2b6f30cb4cc45e6ec4a00ce2b440727bbf133a7d82da\"",
            "id": "terraform-training:pan-henryk",
            "role": "admin",
            "username": "pan-henryk"
          },
          "sensitive_attributes": [],
          "private": "bnVsbA=="
        }
      ]
    },
    {
      "mode": "managed",
      "type": "github_repository",
      "name": "tf-gcp-gke-training-repository",
      "provider": "provider[\"registry.terraform.io/integrations/github\"]",
      "instances": [
        {
          "schema_version": 0,
          "attributes": {
            "allow_merge_commit": true,
            "allow_rebase_merge": true,
            "allow_squash_merge": true,
            "archive_on_destroy": null,
            "archived": false,
            "auto_init": true,
            "default_branch": "main",
            "delete_branch_on_merge": false,
            "description": "My training repo",
            "etag": "W/\"b09ba13e88a1ba7ba27e3f4b4ecc44744f5ac030e2b9470ede2414a1203f10aa\"",
            "full_name": "terraform-training/tf-gcp-gke-training-repository",
            "git_clone_url": "git://github.com/terraform-training/tf-gcp-gke-training-repository.git",
            "gitignore_template": "Terraform",
            "has_downloads": false,
            "has_issues": false,
            "has_projects": false,
            "has_wiki": false,
            "homepage_url": "",
            "html_url": "https://github.com/terraform-training/tf-gcp-gke-training-repository",
            "http_clone_url": "https://github.com/terraform-training/tf-gcp-gke-training-repository.git",
            "id": "tf-gcp-gke-training-repository",
            "is_template": false,
            "license_template": null,
            "name": "tf-gcp-gke-training-repository",
            "node_id": "MDEwOlJlcG9zaXRvcnkzMjgyMzk0OTI=",
            "private": true,
            "repo_id": 328239492,
            "ssh_clone_url": "git@github.com:terraform-training/tf-gcp-gke-training-repository.git",
            "svn_url": "https://github.com/terraform-training/tf-gcp-gke-training-repository",
            "template": [],
            "topics": [],
            "visibility": "private",
            "vulnerability_alerts": false
          },
          "sensitive_attributes": [],
          "private": "bnVsbA=="
        }
      ]
    },
    {
      "mode": "managed",
      "type": "github_team",
      "name": "nobleprog_01_2021",
      "provider": "provider[\"registry.terraform.io/integrations/github\"]",
      "instances": [
        {
          "schema_version": 0,
          "attributes": {
            "description": "NobleProg group 01.2021",
            "etag": "W/\"030bcc44cab12e75f7d13b3b6bd5654aa41446733929bdcf52d5a1f2fa5f1bda\"",
            "id": "4413714",
            "ldap_dn": "",
            "name": "nobleprog_01_2021",
            "node_id": "MDQ6VGVhbTQ0MTM3MTQ=",
            "parent_team_id": null,
            "privacy": "secret",
            "slug": "nobleprog_01_2021"
          },
          "sensitive_attributes": [],
          "private": "bnVsbA=="
        }
      ]
    },
    {
      "mode": "managed",
      "type": "github_team_repository",
      "name": "tf_gke_team_repo_permissions",
      "provider": "provider[\"registry.terraform.io/integrations/github\"]",
      "instances": [
        {
          "schema_version": 0,
          "attributes": {
            "etag": "W/\"651af1176baca8536415739a85eabc0a0efc64a5cfeb2aeb0cd17668a427b382\"",
            "id": "4413714:tf-gcp-gke-training-repository",
            "permission": "push",
            "repository": "tf-gcp-gke-training-repository",
            "team_id": "4413714"
          },
          "sensitive_attributes": [],
          "private": "bnVsbA==",
          "dependencies": [
            "github_repository.tf-gcp-gke-training-repository",
            "github_team.nobleprog_01_2021"
          ]
        }
      ]
    }
  ]
}
